
Microsoft Visual Studio Solution File, Format Version 12.00
# Visual Studio Version 17
VisualStudioVersion = 17.8.34525.116
MinimumVisualStudioVersion = 10.0.40219.1
Project("{9A19103F-16F7-4668-BE54-9A1E7A4F7556}") = "MyLibrary.Api", "MyLibrary.Api\MyLibrary.Api.csproj", "{1310FB4C-E5A6-443D-8C27-9EED9F834B5F}"
EndProject
Project("{FAE04EC0-301F-11D3-BF4B-00C04F79EFBC}") = "MyLibrary.Data", "MyLibrary.Data\MyLibrary.Data.csproj", "{46C35B29-D876-4E02-88F7-4C462474667D}"
EndProject
Project("{FAE04EC0-301F-11D3-BF4B-00C04F79EFBC}") = "MyLibrary.Business", "MyLibrary.Business\MyLibrary.Business.csproj", "{4176C4C0-04BD-4A07-A659-88BADBD00F7B}"
EndProject
Global
	GlobalSection(SolutionConfigurationPlatforms) = preSolution
		Debug|Any CPU = Debug|Any CPU
		Release|Any CPU = Release|Any CPU
	EndGlobalSection
	GlobalSection(ProjectConfigurationPlatforms) = postSolution
		{1310FB4C-E5A6-443D-8C27-9EED9F834B5F}.Debug|Any CPU.ActiveCfg = Debug|Any CPU
		{1310FB4C-E5A6-443D-8C27-9EED9F834B5F}.Debug|Any CPU.Build.0 = Debug|Any CPU
		{1310FB4C-E5A6-443D-8C27-9EED9F834B5F}.Release|Any CPU.ActiveCfg = Release|Any CPU
		{1310FB4C-E5A6-443D-8C27-9EED9F834B5F}.Release|Any CPU.Build.0 = Release|Any CPU
		{46C35B29-D876-4E02-88F7-4C462474667D}.Debug|Any CPU.ActiveCfg = Debug|Any CPU
		{46C35B29-D876-4E02-88F7-4C462474667D}.Debug|Any CPU.Build.0 = Debug|Any CPU
		{46C35B29-D876-4E02-88F7-4C462474667D}.Release|Any CPU.ActiveCfg = Release|Any CPU
		{46C35B29-D876-4E02-88F7-4C462474667D}.Release|Any CPU.Build.0 = Release|Any CPU
		{4176C4C0-04BD-4A07-A659-88BADBD00F7B}.Debug|Any CPU.ActiveCfg = Debug|Any CPU
		{4176C4C0-04BD-4A07-A659-88BADBD00F7B}.Debug|Any CPU.Build.0 = Debug|Any CPU
		{4176C4C0-04BD-4A07-A659-88BADBD00F7B}.Release|Any CPU.ActiveCfg = Release|Any CPU
		{4176C4C0-04BD-4A07-A659-88BADBD00F7B}.Release|Any CPU.Build.0 = Release|Any CPU
	EndGlobalSection
	GlobalSection(SolutionProperties) = preSolution
		HideSolutionNode = FALSE
	EndGlobalSection
	GlobalSection(ExtensibilityGlobals) = postSolution
		SolutionGuid = {EFF21E74-538A-4022-978E-DFC3A3D7E31F}
	EndGlobalSection
EndGlobal
